
Microsoft Visual Studio Solution File, Format Version 12.00
# Visual Studio Version 17
VisualStudioVersion = 17.5.002.0
MinimumVisualStudioVersion = 10.0.40219.1
Project("{9A19103F-16F7-4668-BE54-9A1E7A4F7556}") = "Api Project", "Api Project.csproj", "{954A2906-7484-44BB-9327-B0A35E3CB455}"
EndProject
Global
	GlobalSection(SolutionConfigurationPlatforms) = preSolution
		Debug|Any CPU = Debug|Any CPU
		Release|Any CPU = Release|Any CPU
	EndGlobalSection
	GlobalSection(ProjectConfigurationPlatforms) = postSolution
		{954A2906-7484-44BB-9327-B0A35E3CB455}.Debug|Any CPU.ActiveCfg = Debug|Any CPU
		{954A2906-7484-44BB-9327-B0A35E3CB455}.Debug|Any CPU.Build.0 = Debug|Any CPU
		{954A2906-7484-44BB-9327-B0A35E3CB455}.Release|Any CPU.ActiveCfg = Release|Any CPU
		{954A2906-7484-44BB-9327-B0A35E3CB455}.Release|Any CPU.Build.0 = Release|Any CPU
	EndGlobalSection
	GlobalSection(SolutionProperties) = preSolution
		HideSolutionNode = FALSE
	EndGlobalSection
	GlobalSection(ExtensibilityGlobals) = postSolution
		SolutionGuid = {94C01093-751C-4D30-82C2-C22E52F86C0F}
	EndGlobalSection
EndGlobal
